
Microsoft Visual Studio Solution File, Format Version 12.00
# Visual Studio Version 17
VisualStudioVersion = 17.11.35208.52
MinimumVisualStudioVersion = 10.0.40219.1
Project("{FAE04EC0-301F-11D3-BF4B-00C04F79EFBC}") = "Konsep UI .Net", "Konsep UI .Net\Konsep UI .Net.csproj", "{BF2B0DE7-EBD5-4671-AA30-3A5815EAB4D8}"
EndProject
Global
	GlobalSection(SolutionConfigurationPlatforms) = preSolution
		Debug|Any CPU = Debug|Any CPU
		Release|Any CPU = Release|Any CPU
	EndGlobalSection
	GlobalSection(ProjectConfigurationPlatforms) = postSolution
		{BF2B0DE7-EBD5-4671-AA30-3A5815EAB4D8}.Debug|Any CPU.ActiveCfg = Debug|Any CPU
		{BF2B0DE7-EBD5-4671-AA30-3A5815EAB4D8}.Debug|Any CPU.Build.0 = Debug|Any CPU
		{BF2B0DE7-EBD5-4671-AA30-3A5815EAB4D8}.Release|Any CPU.ActiveCfg = Release|Any CPU
		{BF2B0DE7-EBD5-4671-AA30-3A5815EAB4D8}.Release|Any CPU.Build.0 = Release|Any CPU
	EndGlobalSection
	GlobalSection(SolutionProperties) = preSolution
		HideSolutionNode = FALSE
	EndGlobalSection
	GlobalSection(ExtensibilityGlobals) = postSolution
		SolutionGuid = {96BD8C83-3E79-4925-A28B-722C07E8181E}
	EndGlobalSection
EndGlobal
